
Microsoft Visual Studio Solution File, Format Version 12.00
# Visual Studio 15
VisualStudioVersion = 15.0.27703.2026
MinimumVisualStudioVersion = 10.0.40219.1
Project("{FAE04EC0-301F-11D3-BF4B-00C04F79EFBC}") = "MT4WCFHTTPService", "MT4WCFHTTPService\MT4WCFHTTPService.csproj", "{BA50BCA1-0CED-4BB7-ABCF-4E5C573B50A9}"
EndProject
Project("{2150E333-8FDC-42A3-9474-1A3956D46DE8}") = "lib", "lib", "{B0CB8682-0722-4885-BFFA-5990B2E4E556}"
	ProjectSection(SolutionItems) = preProject
		lib\MtApi.dll = lib\MtApi.dll
		lib\Experts\MtApi.ex4 = lib\Experts\MtApi.ex4
		lib\MtApi_Setup.exe = lib\MtApi_Setup.exe
		lib\Newtonsoft.Json.dll = lib\Newtonsoft.Json.dll
	EndProjectSection
EndProject
Project("{FAE04EC0-301F-11D3-BF4B-00C04F79EFBC}") = "MT4HttpHostService", "MT4HttpHostService\MT4HttpHostService.csproj", "{A532D723-7A9E-4C43-B621-0E613DC8B3F3}"
EndProject
Global
	GlobalSection(SolutionConfigurationPlatforms) = preSolution
		Debug|Any CPU = Debug|Any CPU
		Release|Any CPU = Release|Any CPU
	EndGlobalSection
	GlobalSection(ProjectConfigurationPlatforms) = postSolution
		{BA50BCA1-0CED-4BB7-ABCF-4E5C573B50A9}.Debug|Any CPU.ActiveCfg = Debug|Any CPU
		{BA50BCA1-0CED-4BB7-ABCF-4E5C573B50A9}.Debug|Any CPU.Build.0 = Debug|Any CPU
		{BA50BCA1-0CED-4BB7-ABCF-4E5C573B50A9}.Release|Any CPU.ActiveCfg = Release|Any CPU
		{BA50BCA1-0CED-4BB7-ABCF-4E5C573B50A9}.Release|Any CPU.Build.0 = Release|Any CPU
		{A532D723-7A9E-4C43-B621-0E613DC8B3F3}.Debug|Any CPU.ActiveCfg = Debug|Any CPU
		{A532D723-7A9E-4C43-B621-0E613DC8B3F3}.Debug|Any CPU.Build.0 = Debug|Any CPU
		{A532D723-7A9E-4C43-B621-0E613DC8B3F3}.Release|Any CPU.ActiveCfg = Release|Any CPU
		{A532D723-7A9E-4C43-B621-0E613DC8B3F3}.Release|Any CPU.Build.0 = Release|Any CPU
	EndGlobalSection
	GlobalSection(SolutionProperties) = preSolution
		HideSolutionNode = FALSE
	EndGlobalSection
	GlobalSection(ExtensibilityGlobals) = postSolution
		SolutionGuid = {A76B7747-04D0-44AF-B71E-07F504C7FCBD}
	EndGlobalSection
EndGlobal
